
Microsoft Visual Studio Solution File, Format Version 12.00
# Visual Studio Version 16
VisualStudioVersion = 16.0.30330.147
MinimumVisualStudioVersion = 10.0.40219.1
Project("{FAE04EC0-301F-11D3-BF4B-00C04F79EFBC}") = "ProjetoApresentacaoEM", "ProjetoApresentacaoEM.csproj", "{A7C147DB-4256-43C6-BA4C-6C5AA6838B73}"
EndProject
Global
	GlobalSection(SolutionConfigurationPlatforms) = preSolution
		Debug|Any CPU = Debug|Any CPU
		Release|Any CPU = Release|Any CPU
	EndGlobalSection
	GlobalSection(ProjectConfigurationPlatforms) = postSolution
		{A7C147DB-4256-43C6-BA4C-6C5AA6838B73}.Debug|Any CPU.ActiveCfg = Debug|Any CPU
		{A7C147DB-4256-43C6-BA4C-6C5AA6838B73}.Debug|Any CPU.Build.0 = Debug|Any CPU
		{A7C147DB-4256-43C6-BA4C-6C5AA6838B73}.Release|Any CPU.ActiveCfg = Release|Any CPU
		{A7C147DB-4256-43C6-BA4C-6C5AA6838B73}.Release|Any CPU.Build.0 = Release|Any CPU
	EndGlobalSection
	GlobalSection(SolutionProperties) = preSolution
		HideSolutionNode = FALSE
	EndGlobalSection
	GlobalSection(ExtensibilityGlobals) = postSolution
		SolutionGuid = {9AFCDCC9-FDE4-4831-B175-A67889651238}
	EndGlobalSection
EndGlobal
